
Microsoft Visual Studio Solution File, Format Version 12.00
# Visual Studio Version 16
VisualStudioVersion = 16.0.29926.136
MinimumVisualStudioVersion = 10.0.40219.1
Project("{9A19103F-16F7-4668-BE54-9A1E7A4F7556}") = "ODCServices.ConfigStorage", "ODCServices.ConfigStorage\ODCServices.ConfigStorage.csproj", "{C0DC2F22-2398-43F5-A24A-A35AAF10B107}"
EndProject
Project("{9A19103F-16F7-4668-BE54-9A1E7A4F7556}") = "ODCServices.WebUi", "ODCServices.WebUi\ODCServices.WebUi.csproj", "{4DFA2758-CE91-430F-8566-90EF16D7EA4F}"
EndProject
Project("{FAE04EC0-301F-11D3-BF4B-00C04F79EFBC}") = "ODCServices.PasswordObfuscator", "ODCServices.PasswordObfuscator\ODCServices.PasswordObfuscator.csproj", "{689841AD-B2F9-47BE-BEAE-CD97714F7529}"
EndProject
Global
	GlobalSection(SolutionConfigurationPlatforms) = preSolution
		Debug|Any CPU = Debug|Any CPU
		Release|Any CPU = Release|Any CPU
	EndGlobalSection
	GlobalSection(ProjectConfigurationPlatforms) = postSolution
		{C0DC2F22-2398-43F5-A24A-A35AAF10B107}.Debug|Any CPU.ActiveCfg = Debug|Any CPU
		{C0DC2F22-2398-43F5-A24A-A35AAF10B107}.Debug|Any CPU.Build.0 = Debug|Any CPU
		{C0DC2F22-2398-43F5-A24A-A35AAF10B107}.Release|Any CPU.ActiveCfg = Release|Any CPU
		{C0DC2F22-2398-43F5-A24A-A35AAF10B107}.Release|Any CPU.Build.0 = Release|Any CPU
		{4DFA2758-CE91-430F-8566-90EF16D7EA4F}.Debug|Any CPU.ActiveCfg = Debug|Any CPU
		{4DFA2758-CE91-430F-8566-90EF16D7EA4F}.Debug|Any CPU.Build.0 = Debug|Any CPU
		{4DFA2758-CE91-430F-8566-90EF16D7EA4F}.Release|Any CPU.ActiveCfg = Release|Any CPU
		{4DFA2758-CE91-430F-8566-90EF16D7EA4F}.Release|Any CPU.Build.0 = Release|Any CPU
		{689841AD-B2F9-47BE-BEAE-CD97714F7529}.Debug|Any CPU.ActiveCfg = Debug|Any CPU
		{689841AD-B2F9-47BE-BEAE-CD97714F7529}.Debug|Any CPU.Build.0 = Debug|Any CPU
		{689841AD-B2F9-47BE-BEAE-CD97714F7529}.Release|Any CPU.ActiveCfg = Release|Any CPU
		{689841AD-B2F9-47BE-BEAE-CD97714F7529}.Release|Any CPU.Build.0 = Release|Any CPU
	EndGlobalSection
	GlobalSection(SolutionProperties) = preSolution
		HideSolutionNode = FALSE
	EndGlobalSection
	GlobalSection(ExtensibilityGlobals) = postSolution
		SolutionGuid = {DDC03E7F-C861-481E-8E33-9E8B79C65110}
	EndGlobalSection
EndGlobal
